
Microsoft Visual Studio Solution File, Format Version 12.00
# Visual Studio Version 17
VisualStudioVersion = 17.9.34622.214
MinimumVisualStudioVersion = 10.0.40219.1
Project("{FAE04EC0-301F-11D3-BF4B-00C04F79EFBC}") = "77CarRental", "77CarRental\77CarRental.csproj", "{ED884CEA-9723-4A3A-968B-1159D6335841}"
EndProject
Global
	GlobalSection(SolutionConfigurationPlatforms) = preSolution
		Debug|Any CPU = Debug|Any CPU
		Release|Any CPU = Release|Any CPU
	EndGlobalSection
	GlobalSection(ProjectConfigurationPlatforms) = postSolution
		{ED884CEA-9723-4A3A-968B-1159D6335841}.Debug|Any CPU.ActiveCfg = Debug|Any CPU
		{ED884CEA-9723-4A3A-968B-1159D6335841}.Debug|Any CPU.Build.0 = Debug|Any CPU
		{ED884CEA-9723-4A3A-968B-1159D6335841}.Release|Any CPU.ActiveCfg = Release|Any CPU
		{ED884CEA-9723-4A3A-968B-1159D6335841}.Release|Any CPU.Build.0 = Release|Any CPU
	EndGlobalSection
	GlobalSection(SolutionProperties) = preSolution
		HideSolutionNode = FALSE
	EndGlobalSection
	GlobalSection(ExtensibilityGlobals) = postSolution
		SolutionGuid = {B3B32BE0-412F-4037-BEB8-941AB5817021}
	EndGlobalSection
EndGlobal
